// !$*UTF8*$!
{
	archiveVersion = 1;
	classes = {
	};
	objectVersion = 46;
	objects = {

/* Begin PBXBuildFile section */
		19DC52FD507F4E2395E64952 /* libPods.a in Frameworks */ = {isa = PBXBuildFile; fileRef = B306139FB44D46DEAADFA0B3 /* libPods.a */; };
		6843EB0A18F02F80001698A0 /* Foundation.framework in Frameworks */ = {isa = PBXBuildFile; fileRef = 6843EB0918F02F80001698A0 /* Foundation.framework */; };
		6843EB0C18F02F80001698A0 /* CoreGraphics.framework in Frameworks */ = {isa = PBXBuildFile; fileRef = 6843EB0B18F02F80001698A0 /* CoreGraphics.framework */; };
		6843EB0E18F02F80001698A0 /* UIKit.framework in Frameworks */ = {isa = PBXBuildFile; fileRef = 6843EB0D18F02F80001698A0 /* UIKit.framework */; };
		6843EB1418F02F81001698A0 /* InfoPlist.strings in Resources */ = {isa = PBXBuildFile; fileRef = 6843EB1218F02F81001698A0 /* InfoPlist.strings */; };
		6843EB1618F02F81001698A0 /* main.m in Sources */ = {isa = PBXBuildFile; fileRef = 6843EB1518F02F81001698A0 /* main.m */; };
		6843EB1A18F02F81001698A0 /* YAWAAppDelegate.m in Sources */ = {isa = PBXBuildFile; fileRef = 6843EB1918F02F81001698A0 /* YAWAAppDelegate.m */; };
		6843EB1D18F02F81001698A0 /* Main.storyboard in Resources */ = {isa = PBXBuildFile; fileRef = 6843EB1B18F02F81001698A0 /* Main.storyboard */; };
		6843EB2218F02F81001698A0 /* Images.xcassets in Resources */ = {isa = PBXBuildFile; fileRef = 6843EB2118F02F81001698A0 /* Images.xcassets */; };
		6843EB2918F02F81001698A0 /* XCTest.framework in Frameworks */ = {isa = PBXBuildFile; fileRef = 6843EB2818F02F81001698A0 /* XCTest.framework */; };
		6843EB2A18F02F81001698A0 /* Foundation.framework in Frameworks */ = {isa = PBXBuildFile; fileRef = 6843EB0918F02F80001698A0 /* Foundation.framework */; };
		6843EB2B18F02F81001698A0 /* UIKit.framework in Frameworks */ = {isa = PBXBuildFile; fileRef = 6843EB0D18F02F80001698A0 /* UIKit.framework */; };
		6843EB3318F02F81001698A0 /* InfoPlist.strings in Resources */ = {isa = PBXBuildFile; fileRef = 6843EB3118F02F81001698A0 /* InfoPlist.strings */; };
		6843EB3518F02F81001698A0 /* YAWATests.m in Sources */ = {isa = PBXBuildFile; fileRef = 6843EB3418F02F81001698A0 /* YAWATests.m */; };
		6843EB4018F03085001698A0 /* YAWAWeatherStore.m in Sources */ = {isa = PBXBuildFile; fileRef = 6843EB3F18F03085001698A0 /* YAWAWeatherStore.m */; };
		6860E9A318F1530100987C3C /* YAWADayForecastItem.m in Sources */ = {isa = PBXBuildFile; fileRef = 6860E9A218F1530100987C3C /* YAWADayForecastItem.m */; };
		687C764E18F10E33004E06EA /* YAWASevenDayViewController.m in Sources */ = {isa = PBXBuildFile; fileRef = 687C764D18F10E33004E06EA /* YAWASevenDayViewController.m */; };
/* End PBXBuildFile section */

/* Begin PBXContainerItemProxy section */
		6843EB2C18F02F81001698A0 /* PBXContainerItemProxy */ = {
			isa = PBXContainerItemProxy;
			containerPortal = 6843EAFE18F02F80001698A0 /* Project object */;
			proxyType = 1;
			remoteGlobalIDString = 6843EB0518F02F80001698A0;
			remoteInfo = YAWA;
		};
/* End PBXContainerItemProxy section */

/* Begin PBXFileReference section */
		6843EB0618F02F80001698A0 /* YAWA.app */ = {isa = PBXFileReference; explicitFileType = wrapper.application; includeInIndex = 0; path = YAWA.app; sourceTree = BUILT_PRODUCTS_DIR; };
		6843EB0918F02F80001698A0 /* Foundation.framework */ = {isa = PBXFileReference; lastKnownFileType = wrapper.framework; name = Foundation.framework; path = System/Library/Frameworks/Foundation.framework; sourceTree = SDKROOT; };
		6843EB0B18F02F80001698A0 /* CoreGraphics.framework */ = {isa = PBXFileReference; lastKnownFileType = wrapper.framework; name = CoreGraphics.framework; path = System/Library/Frameworks/CoreGraphics.framework; sourceTree = SDKROOT; };
		6843EB0D18F02F80001698A0 /* UIKit.framework */ = {isa = PBXFileReference; lastKnownFileType = wrapper.framework; name = UIKit.framework; path = System/Library/Frameworks/UIKit.framework; sourceTree = SDKROOT; };
		6843EB1118F02F81001698A0 /* YAWA-Info.plist */ = {isa = PBXFileReference; lastKnownFileType = text.plist.xml; path = "YAWA-Info.plist"; sourceTree = "<group>"; };
		6843EB1318F02F81001698A0 /* en */ = {isa = PBXFileReference; lastKnownFileType = text.plist.strings; name = en; path = en.lproj/InfoPlist.strings; sourceTree = "<group>"; };
		6843EB1518F02F81001698A0 /* main.m */ = {isa = PBXFileReference; lastKnownFileType = sourcecode.c.objc; path = main.m; sourceTree = "<group>"; };
		6843EB1718F02F81001698A0 /* YAWA-Prefix.pch */ = {isa = PBXFileReference; lastKnownFileType = sourcecode.c.h; path = "YAWA-Prefix.pch"; sourceTree = "<group>"; };
		6843EB1818F02F81001698A0 /* YAWAAppDelegate.h */ = {isa = PBXFileReference; lastKnownFileType = sourcecode.c.h; path = YAWAAppDelegate.h; sourceTree = "<group>"; };
		6843EB1918F02F81001698A0 /* YAWAAppDelegate.m */ = {isa = PBXFileReference; lastKnownFileType = sourcecode.c.objc; path = YAWAAppDelegate.m; sourceTree = "<group>"; };
		6843EB1C18F02F81001698A0 /* Base */ = {isa = PBXFileReference; lastKnownFileType = file.storyboard; name = Base; path = Base.lproj/Main.storyboard; sourceTree = "<group>"; };
		6843EB2118F02F81001698A0 /* Images.xcassets */ = {isa = PBXFileReference; lastKnownFileType = folder.assetcatalog; path = Images.xcassets; sourceTree = "<group>"; };
		6843EB2718F02F81001698A0 /* YAWATests.xctest */ = {isa = PBXFileReference; explicitFileType = wrapper.cfbundle; includeInIndex = 0; path = YAWATests.xctest; sourceTree = BUILT_PRODUCTS_DIR; };
		6843EB2818F02F81001698A0 /* XCTest.framework */ = {isa = PBXFileReference; lastKnownFileType = wrapper.framework; name = XCTest.framework; path = Library/Frameworks/XCTest.framework; sourceTree = DEVELOPER_DIR; };
		6843EB3018F02F81001698A0 /* YAWATests-Info.plist */ = {isa = PBXFileReference; lastKnownFileType = text.plist.xml; path = "YAWATests-Info.plist"; sourceTree = "<group>"; };
		6843EB3218F02F81001698A0 /* en */ = {isa = PBXFileReference; lastKnownFileType = text.plist.strings; name = en; path = en.lproj/InfoPlist.strings; sourceTree = "<group>"; };
		6843EB3418F02F81001698A0 /* YAWATests.m */ = {isa = PBXFileReference; lastKnownFileType = sourcecode.c.objc; path = YAWATests.m; sourceTree = "<group>"; };
		6843EB3E18F03085001698A0 /* YAWAWeatherStore.h */ = {isa = PBXFileReference; fileEncoding = 4; lastKnownFileType = sourcecode.c.h; name = YAWAWeatherStore.h; path = Stores/YAWAWeatherStore.h; sourceTree = "<group>"; };
		6843EB3F18F03085001698A0 /* YAWAWeatherStore.m */ = {isa = PBXFileReference; fileEncoding = 4; lastKnownFileType = sourcecode.c.objc; name = YAWAWeatherStore.m; path = Stores/YAWAWeatherStore.m; sourceTree = "<group>"; };
		6860E9A118F1530100987C3C /* YAWADayForecastItem.h */ = {isa = PBXFileReference; fileEncoding = 4; lastKnownFileType = sourcecode.c.h; name = YAWADayForecastItem.h; path = Models/YAWADayForecastItem.h; sourceTree = "<group>"; };
		6860E9A218F1530100987C3C /* YAWADayForecastItem.m */ = {isa = PBXFileReference; fileEncoding = 4; lastKnownFileType = sourcecode.c.objc; name = YAWADayForecastItem.m; path = Models/YAWADayForecastItem.m; sourceTree = "<group>"; };
		687C764C18F10E33004E06EA /* YAWASevenDayViewController.h */ = {isa = PBXFileReference; fileEncoding = 4; lastKnownFileType = sourcecode.c.h; name = YAWASevenDayViewController.h; path = "View Controllers/YAWASevenDayViewController.h"; sourceTree = "<group>"; };
		687C764D18F10E33004E06EA /* YAWASevenDayViewController.m */ = {isa = PBXFileReference; fileEncoding = 4; lastKnownFileType = sourcecode.c.objc; name = YAWASevenDayViewController.m; path = "View Controllers/YAWASevenDayViewController.m"; sourceTree = "<group>"; };
		9A50F2B1035A4E2593B2C311 /* Pods.xcconfig */ = {isa = PBXFileReference; includeInIndex = 1; lastKnownFileType = text.xcconfig; name = Pods.xcconfig; path = Pods/Pods.xcconfig; sourceTree = "<group>"; };
		B306139FB44D46DEAADFA0B3 /* libPods.a */ = {isa = PBXFileReference; explicitFileType = archive.ar; includeInIndex = 0; path = libPods.a; sourceTree = BUILT_PRODUCTS_DIR; };
/* End PBXFileReference section */

/* Begin PBXFrameworksBuildPhase section */
		6843EB0318F02F80001698A0 /* Frameworks */ = {
			isa = PBXFrameworksBuildPhase;
			buildActionMask = 2147483647;
			files = (
				6843EB0C18F02F80001698A0 /* CoreGraphics.framework in Frameworks */,
				6843EB0E18F02F80001698A0 /* UIKit.framework in Frameworks */,
				6843EB0A18F02F80001698A0 /* Foundation.framework in Frameworks */,
				19DC52FD507F4E2395E64952 /* libPods.a in Frameworks */,
			);
			runOnlyForDeploymentPostprocessing = 0;
		};
		6843EB2418F02F81001698A0 /* Frameworks */ = {
			isa = PBXFrameworksBuildPhase;
			buildActionMask = 2147483647;
			files = (
				6843EB2918F02F81001698A0 /* XCTest.framework in Frameworks */,
				6843EB2B18F02F81001698A0 /* UIKit.framework in Frameworks */,
				6843EB2A18F02F81001698A0 /* Foundation.framework in Frameworks */,
			);
			runOnlyForDeploymentPostprocessing = 0;
		};
/* End PBXFrameworksBuildPhase section */

/* Begin PBXGroup section */
		6832C37619264ACD00E94788 /* Stores */ = {
			isa = PBXGroup;
			children = (
				6843EB3E18F03085001698A0 /* YAWAWeatherStore.h */,
				6843EB3F18F03085001698A0 /* YAWAWeatherStore.m */,
			);
			name = Stores;
			sourceTree = "<group>";
		};
		6832C37719264AD500E94788 /* Models */ = {
			isa = PBXGroup;
			children = (
				6860E9A118F1530100987C3C /* YAWADayForecastItem.h */,
				6860E9A218F1530100987C3C /* YAWADayForecastItem.m */,
			);
			name = Models;
			sourceTree = "<group>";
		};
		6832C37819264ADB00E94788 /* View Controllers */ = {
			isa = PBXGroup;
			children = (
				687C764C18F10E33004E06EA /* YAWASevenDayViewController.h */,
				687C764D18F10E33004E06EA /* YAWASevenDayViewController.m */,
			);
			name = "View Controllers";
			sourceTree = "<group>";
		};
		6843EAFD18F02F80001698A0 = {
			isa = PBXGroup;
			children = (
				6843EB0F18F02F81001698A0 /* YAWA */,
				6843EB2E18F02F81001698A0 /* YAWATests */,
				6843EB0818F02F80001698A0 /* Frameworks */,
				6843EB0718F02F80001698A0 /* Products */,
				9A50F2B1035A4E2593B2C311 /* Pods.xcconfig */,
			);
			sourceTree = "<group>";
		};
		6843EB0718F02F80001698A0 /* Products */ = {
			isa = PBXGroup;
			children = (
				6843EB0618F02F80001698A0 /* YAWA.app */,
				6843EB2718F02F81001698A0 /* YAWATests.xctest */,
			);
			name = Products;
			sourceTree = "<group>";
		};
		6843EB0818F02F80001698A0 /* Frameworks */ = {
			isa = PBXGroup;
			children = (
				6843EB0918F02F80001698A0 /* Foundation.framework */,
				6843EB0B18F02F80001698A0 /* CoreGraphics.framework */,
				6843EB0D18F02F80001698A0 /* UIKit.framework */,
				6843EB2818F02F81001698A0 /* XCTest.framework */,
				B306139FB44D46DEAADFA0B3 /* libPods.a */,
			);
			name = Frameworks;
			sourceTree = "<group>";
		};
		6843EB0F18F02F81001698A0 /* YAWA */ = {
			isa = PBXGroup;
			children = (
				6832C37719264AD500E94788 /* Models */,
				6832C37619264ACD00E94788 /* Stores */,
				6832C37819264ADB00E94788 /* View Controllers */,
				6843EB1B18F02F81001698A0 /* Main.storyboard */,
				6843EB2118F02F81001698A0 /* Images.xcassets */,
				6843EB1018F02F81001698A0 /* Supporting Files */,
			);
			path = YAWA;
			sourceTree = "<group>";
		};
		6843EB1018F02F81001698A0 /* Supporting Files */ = {
			isa = PBXGroup;
			children = (
				6843EB1818F02F81001698A0 /* YAWAAppDelegate.h */,
				6843EB1918F02F81001698A0 /* YAWAAppDelegate.m */,
				6843EB1118F02F81001698A0 /* YAWA-Info.plist */,
				6843EB1218F02F81001698A0 /* InfoPlist.strings */,
				6843EB1518F02F81001698A0 /* main.m */,
				6843EB1718F02F81001698A0 /* YAWA-Prefix.pch */,
			);
			name = "Supporting Files";
			sourceTree = "<group>";
		};
		6843EB2E18F02F81001698A0 /* YAWATests */ = {
			isa = PBXGroup;
			children = (
				6843EB3418F02F81001698A0 /* YAWATests.m */,
				6843EB2F18F02F81001698A0 /* Supporting Files */,
			);
			path = YAWATests;
			sourceTree = "<group>";
		};
		6843EB2F18F02F81001698A0 /* Supporting Files */ = {
			isa = PBXGroup;
			children = (
				6843EB3018F02F81001698A0 /* YAWATests-Info.plist */,
				6843EB3118F02F81001698A0 /* InfoPlist.strings */,
			);
			name = "Supporting Files";
			sourceTree = "<group>";
		};
/* End PBXGroup section */

/* Begin PBXNativeTarget section */
		6843EB0518F02F80001698A0 /* YAWA */ = {
			isa = PBXNativeTarget;
			buildConfigurationList = 6843EB3818F02F81001698A0 /* Build configuration list for PBXNativeTarget "YAWA" */;
			buildPhases = (
				5820EC4E297C4C2FA206B5DE /* Check Pods Manifest.lock */,
				6843EB0218F02F80001698A0 /* Sources */,
				6843EB0318F02F80001698A0 /* Frameworks */,
				6843EB0418F02F80001698A0 /* Resources */,
				34A0F7E972EA437A8AC41ADE /* Copy Pods Resources */,
			);
			buildRules = (
			);
			dependencies = (
			);
			name = YAWA;
			productName = YAWA;
			productReference = 6843EB0618F02F80001698A0 /* YAWA.app */;
			productType = "com.apple.product-type.application";
		};
		6843EB2618F02F81001698A0 /* YAWATests */ = {
			isa = PBXNativeTarget;
			buildConfigurationList = 6843EB3B18F02F81001698A0 /* Build configuration list for PBXNativeTarget "YAWATests" */;
			buildPhases = (
				6843EB2318F02F81001698A0 /* Sources */,
				6843EB2418F02F81001698A0 /* Frameworks */,
				6843EB2518F02F81001698A0 /* Resources */,
			);
			buildRules = (
			);
			dependencies = (
				6843EB2D18F02F81001698A0 /* PBXTargetDependency */,
			);
			name = YAWATests;
			productName = YAWATests;
			productReference = 6843EB2718F02F81001698A0 /* YAWATests.xctest */;
			productType = "com.apple.product-type.bundle.unit-test";
		};
/* End PBXNativeTarget section */

/* Begin PBXProject section */
		6843EAFE18F02F80001698A0 /* Project object */ = {
			isa = PBXProject;
			attributes = {
				CLASSPREFIX = YAWA;
				LastUpgradeCheck = 0510;
				ORGANIZATIONNAME = "Josh Lapham";
				TargetAttributes = {
					6843EB0518F02F80001698A0 = {
						DevelopmentTeam = 7HSH26BZGU;
					};
					6843EB2618F02F81001698A0 = {
						TestTargetID = 6843EB0518F02F80001698A0;
					};
				};
			};
			buildConfigurationList = 6843EB0118F02F80001698A0 /* Build configuration list for PBXProject "YAWA" */;
			compatibilityVersion = "Xcode 3.2";
			developmentRegion = English;
			hasScannedForEncodings = 0;
			knownRegions = (
				en,
				Base,
			);
			mainGroup = 6843EAFD18F02F80001698A0;
			productRefGroup = 6843EB0718F02F80001698A0 /* Products */;
			projectDirPath = "";
			projectRoot = "";
			targets = (
				6843EB0518F02F80001698A0 /* YAWA */,
				6843EB2618F02F81001698A0 /* YAWATests */,
			);
		};
/* End PBXProject section */

/* Begin PBXResourcesBuildPhase section */
		6843EB0418F02F80001698A0 /* Resources */ = {
			isa = PBXResourcesBuildPhase;
			buildActionMask = 2147483647;
			files = (
				6843EB2218F02F81001698A0 /* Images.xcassets in Resources */,
				6843EB1418F02F81001698A0 /* InfoPlist.strings in Resources */,
				6843EB1D18F02F81001698A0 /* Main.storyboard in Resources */,
			);
			runOnlyForDeploymentPostprocessing = 0;
		};
		6843EB2518F02F81001698A0 /* Resources */ = {
			isa = PBXResourcesBuildPhase;
			buildActionMask = 2147483647;
			files = (
				6843EB3318F02F81001698A0 /* InfoPlist.strings in Resources */,
			);
			runOnlyForDeploymentPostprocessing = 0;
		};
/* End PBXResourcesBuildPhase section */

/* Begin PBXShellScriptBuildPhase section */
		34A0F7E972EA437A8AC41ADE /* Copy Pods Resources */ = {
			isa = PBXShellScriptBuildPhase;
			buildActionMask = 2147483647;
			files = (
			);
			inputPaths = (
			);
			name = "Copy Pods Resources";
			outputPaths = (
			);
			runOnlyForDeploymentPostprocessing = 0;
			shellPath = /bin/sh;
			shellScript = "\"${SRCROOT}/Pods/Pods-resources.sh\"\n";
			showEnvVarsInLog = 0;
		};
		5820EC4E297C4C2FA206B5DE /* Check Pods Manifest.lock */ = {
			isa = PBXShellScriptBuildPhase;
			buildActionMask = 2147483647;
			files = (
			);
			inputPaths = (
			);
			name = "Check Pods Manifest.lock";
			outputPaths = (
			);
			runOnlyForDeploymentPostprocessing = 0;
			shellPath = /bin/sh;
			shellScript = "diff \"${PODS_ROOT}/../Podfile.lock\" \"${PODS_ROOT}/Manifest.lock\" > /dev/null\nif [[ $? != 0 ]] ; then\n    cat << EOM\nerror: The sandbox is not in sync with the Podfile.lock. Run 'pod install' or update your CocoaPods installation.\nEOM\n    exit 1\nfi\n";
			showEnvVarsInLog = 0;
		};
/* End PBXShellScriptBuildPhase section */

/* Begin PBXSourcesBuildPhase section */
		6843EB0218F02F80001698A0 /* Sources */ = {
			isa = PBXSourcesBuildPhase;
			buildActionMask = 2147483647;
			files = (
				6843EB4018F03085001698A0 /* YAWAWeatherStore.m in Sources */,
				6843EB1A18F02F81001698A0 /* YAWAAppDelegate.m in Sources */,
				6860E9A318F1530100987C3C /* YAWADayForecastItem.m in Sources */,
				687C764E18F10E33004E06EA /* YAWASevenDayViewController.m in Sources */,
				6843EB1618F02F81001698A0 /* main.m in Sources */,
			);
			runOnlyForDeploymentPostprocessing = 0;
		};
		6843EB2318F02F81001698A0 /* Sources */ = {
			isa = PBXSourcesBuildPhase;
			buildActionMask = 2147483647;
			files = (
				6843EB3518F02F81001698A0 /* YAWATests.m in Sources */,
			);
			runOnlyForDeploymentPostprocessing = 0;
		};
/* End PBXSourcesBuildPhase section */

/* Begin PBXTargetDependency section */
		6843EB2D18F02F81001698A0 /* PBXTargetDependency */ = {
			isa = PBXTargetDependency;
			target = 6843EB0518F02F80001698A0 /* YAWA */;
			targetProxy = 6843EB2C18F02F81001698A0 /* PBXContainerItemProxy */;
		};
/* End PBXTargetDependency section */

/* Begin PBXVariantGroup section */
		6843EB1218F02F81001698A0 /* InfoPlist.strings */ = {
			isa = PBXVariantGroup;
			children = (
				6843EB1318F02F81001698A0 /* en */,
			);
			name = InfoPlist.strings;
			sourceTree = "<group>";
		};
		6843EB1B18F02F81001698A0 /* Main.storyboard */ = {
			isa = PBXVariantGroup;
			children = (
				6843EB1C18F02F81001698A0 /* Base */,
			);
			name = Main.storyboard;
			sourceTree = "<group>";
		};
		6843EB3118F02F81001698A0 /* InfoPlist.strings */ = {
			isa = PBXVariantGroup;
			children = (
				6843EB3218F02F81001698A0 /* en */,
			);
			name = InfoPlist.strings;
			sourceTree = "<group>";
		};
/* End PBXVariantGroup section */

/* Begin XCBuildConfiguration section */
		6843EB3618F02F81001698A0 /* Debug */ = {
			isa = XCBuildConfiguration;
			buildSettings = {
				ALWAYS_SEARCH_USER_PATHS = NO;
				CLANG_CXX_LANGUAGE_STANDARD = "gnu++0x";
				CLANG_CXX_LIBRARY = "libc++";
				CLANG_ENABLE_MODULES = YES;
				CLANG_ENABLE_OBJC_ARC = YES;
				CLANG_WARN_BOOL_CONVERSION = YES;
				CLANG_WARN_CONSTANT_CONVERSION = YES;
				CLANG_WARN_DIRECT_OBJC_ISA_USAGE = YES_ERROR;
				CLANG_WARN_EMPTY_BODY = YES;
				CLANG_WARN_ENUM_CONVERSION = YES;
				CLANG_WARN_INT_CONVERSION = YES;
				CLANG_WARN_OBJC_ROOT_CLASS = YES_ERROR;
				CLANG_WARN__DUPLICATE_METHOD_MATCH = YES;
				"CODE_SIGN_IDENTITY[sdk=iphoneos*]" = "iPhone Developer";
				COPY_PHASE_STRIP = NO;
				GCC_C_LANGUAGE_STANDARD = gnu99;
				GCC_DYNAMIC_NO_PIC = NO;
				GCC_OPTIMIZATION_LEVEL = 0;
				GCC_PREPROCESSOR_DEFINITIONS = (
					"DEBUG=1",
					"$(inherited)",
				);
				GCC_SYMBOLS_PRIVATE_EXTERN = NO;
				GCC_WARN_64_TO_32_BIT_CONVERSION = YES;
				GCC_WARN_ABOUT_RETURN_TYPE = YES_ERROR;
				GCC_WARN_UNDECLARED_SELECTOR = YES;
				GCC_WARN_UNINITIALIZED_AUTOS = YES_AGGRESSIVE;
				GCC_WARN_UNUSED_FUNCTION = YES;
				GCC_WARN_UNUSED_VARIABLE = YES;
				IPHONEOS_DEPLOYMENT_TARGET = 7.1;
				ONLY_ACTIVE_ARCH = YES;
				SDKROOT = iphoneos;
			};
			name = Debug;
		};
		6843EB3718F02F81001698A0 /* Release */ = {
			isa = XCBuildConfiguration;
			buildSettings = {
				ALWAYS_SEARCH_USER_PATHS = NO;
				CLANG_CXX_LANGUAGE_STANDARD = "gnu++0x";
				CLANG_CXX_LIBRARY = "libc++";
				CLANG_ENABLE_MODULES = YES;
				CLANG_ENABLE_OBJC_ARC = YES;
				CLANG_WARN_BOOL_CONVERSION = YES;
				CLANG_WARN_CONSTANT_CONVERSION = YES;
				CLANG_WARN_DIRECT_OBJC_ISA_USAGE = YES_ERROR;
				CLANG_WARN_EMPTY_BODY = YES;
				CLANG_WARN_ENUM_CONVERSION = YES;
				CLANG_WARN_INT_CONVERSION = YES;
				CLANG_WARN_OBJC_ROOT_CLASS = YES_ERROR;
				CLANG_WARN__DUPLICATE_METHOD_MATCH = YES;
				"CODE_SIGN_IDENTITY[sdk=iphoneos*]" = "iPhone Developer";
				COPY_PHASE_STRIP = YES;
				ENABLE_NS_ASSERTIONS = NO;
				GCC_C_LANGUAGE_STANDARD = gnu99;
				GCC_WARN_64_TO_32_BIT_CONVERSION = YES;
				GCC_WARN_ABOUT_RETURN_TYPE = YES_ERROR;
				GCC_WARN_UNDECLARED_SELECTOR = YES;
				GCC_WARN_UNINITIALIZED_AUTOS = YES_AGGRESSIVE;
				GCC_WARN_UNUSED_FUNCTION = YES;
				GCC_WARN_UNUSED_VARIABLE = YES;
				IPHONEOS_DEPLOYMENT_TARGET = 7.1;
				SDKROOT = iphoneos;
				VALIDATE_PRODUCT = YES;
			};
			name = Release;
		};
		6843EB3918F02F81001698A0 /* Debug */ = {
			isa = XCBuildConfiguration;
			baseConfigurationReference = 9A50F2B1035A4E2593B2C311 /* Pods.xcconfig */;
			buildSettings = {
				ASSETCATALOG_COMPILER_APPICON_NAME = AppIcon;
				ASSETCATALOG_COMPILER_LAUNCHIMAGE_NAME = LaunchImage;
				CODE_SIGN_IDENTITY = "iPhone Developer";
				"CODE_SIGN_IDENTITY[sdk=iphoneos*]" = "iPhone Developer";
				GCC_PRECOMPILE_PREFIX_HEADER = YES;
				GCC_PREFIX_HEADER = "YAWA/YAWA-Prefix.pch";
				INFOPLIST_FILE = "YAWA/YAWA-Info.plist";
				PRODUCT_NAME = "$(TARGET_NAME)";
				PROVISIONING_PROFILE = "EAB57CD7-3139-4E6E-87B4-019760260B09";
				WRAPPER_EXTENSION = app;
			};
			name = Debug;
		};
		6843EB3A18F02F81001698A0 /* Release */ = {
			isa = XCBuildConfiguration;
			baseConfigurationReference = 9A50F2B1035A4E2593B2C311 /* Pods.xcconfig */;
			buildSettings = {
				ASSETCATALOG_COMPILER_APPICON_NAME = AppIcon;
				ASSETCATALOG_COMPILER_LAUNCHIMAGE_NAME = LaunchImage;
				CODE_SIGN_IDENTITY = "iPhone Developer";
				"CODE_SIGN_IDENTITY[sdk=iphoneos*]" = "iPhone Developer";
				GCC_PRECOMPILE_PREFIX_HEADER = YES;
				GCC_PREFIX_HEADER = "YAWA/YAWA-Prefix.pch";
				INFOPLIST_FILE = "YAWA/YAWA-Info.plist";
				PRODUCT_NAME = "$(TARGET_NAME)";
				PROVISIONING_PROFILE = "EAB57CD7-3139-4E6E-87B4-019760260B09";
				WRAPPER_EXTENSION = app;
			};
			name = Release;
		};
		6843EB3C18F02F81001698A0 /* Debug */ = {
			isa = XCBuildConfiguration;
			buildSettings = {
				BUNDLE_LOADER = "$(BUILT_PRODUCTS_DIR)/YAWA.app/YAWA";
				FRAMEWORK_SEARCH_PATHS = (
					"$(SDKROOT)/Developer/Library/Frameworks",
					"$(inherited)",
					"$(DEVELOPER_FRAMEWORKS_DIR)",
				);
				GCC_PRECOMPILE_PREFIX_HEADER = YES;
				GCC_PREFIX_HEADER = "YAWA/YAWA-Prefix.pch";
				GCC_PREPROCESSOR_DEFINITIONS = (
					"DEBUG=1",
					"$(inherited)",
				);
				INFOPLIST_FILE = "YAWATests/YAWATests-Info.plist";
				PRODUCT_NAME = "$(TARGET_NAME)";
				TEST_HOST = "$(BUNDLE_LOADER)";
				WRAPPER_EXTENSION = xctest;
			};
			name = Debug;
		};
		6843EB3D18F02F81001698A0 /* Release */ = {
			isa = XCBuildConfiguration;
			buildSettings = {
				BUNDLE_LOADER = "$(BUILT_PRODUCTS_DIR)/YAWA.app/YAWA";
				FRAMEWORK_SEARCH_PATHS = (
					"$(SDKROOT)/Developer/Library/Frameworks",
					"$(inherited)",
					"$(DEVELOPER_FRAMEWORKS_DIR)",
				);
				GCC_PRECOMPILE_PREFIX_HEADER = YES;
				GCC_PREFIX_HEADER = "YAWA/YAWA-Prefix.pch";
				INFOPLIST_FILE = "YAWATests/YAWATests-Info.plist";
				PRODUCT_NAME = "$(TARGET_NAME)";
				TEST_HOST = "$(BUNDLE_LOADER)";
				WRAPPER_EXTENSION = xctest;
			};
			name = Release;
		};
/* End XCBuildConfiguration section */

/* Begin XCConfigurationList section */
		6843EB0118F02F80001698A0 /* Build configuration list for PBXProject "YAWA" */ = {
			isa = XCConfigurationList;
			buildConfigurations = (
				6843EB3618F02F81001698A0 /* Debug */,
				6843EB3718F02F81001698A0 /* Release */,
			);
			defaultConfigurationIsVisible = 0;
			defaultConfigurationName = Release;
		};
		6843EB3818F02F81001698A0 /* Build configuration list for PBXNativeTarget "YAWA" */ = {
			isa = XCConfigurationList;
			buildConfigurations = (
				6843EB3918F02F81001698A0 /* Debug */,
				6843EB3A18F02F81001698A0 /* Release */,
			);
			defaultConfigurationIsVisible = 0;
			defaultConfigurationName = Release;
		};
		6843EB3B18F02F81001698A0 /* Build configuration list for PBXNativeTarget "YAWATests" */ = {
			isa = XCConfigurationList;
			buildConfigurations = (
				6843EB3C18F02F81001698A0 /* Debug */,
				6843EB3D18F02F81001698A0 /* Release */,
			);
			defaultConfigurationIsVisible = 0;
			defaultConfigurationName = Release;
		};
/* End XCConfigurationList section */
	};
	rootObject = 6843EAFE18F02F80001698A0 /* Project object */;
}
